
Microsoft Visual Studio Solution File, Format Version 12.00
# Visual Studio Version 16
VisualStudioVersion = 16.0.31624.102
MinimumVisualStudioVersion = 10.0.40219.1
Project("{FAE04EC0-301F-11D3-BF4B-00C04F79EFBC}") = "AutoCreateID", "AutoCreateID\AutoCreateID.csproj", "{0307ECA0-1B88-45FF-AE66-D120112DAD72}"
EndProject
Global
	GlobalSection(SolutionConfigurationPlatforms) = preSolution
		Debug|Any CPU = Debug|Any CPU
		Release|Any CPU = Release|Any CPU
	EndGlobalSection
	GlobalSection(ProjectConfigurationPlatforms) = postSolution
		{0307ECA0-1B88-45FF-AE66-D120112DAD72}.Debug|Any CPU.ActiveCfg = Debug|Any CPU
		{0307ECA0-1B88-45FF-AE66-D120112DAD72}.Debug|Any CPU.Build.0 = Debug|Any CPU
		{0307ECA0-1B88-45FF-AE66-D120112DAD72}.Release|Any CPU.ActiveCfg = Release|Any CPU
		{0307ECA0-1B88-45FF-AE66-D120112DAD72}.Release|Any CPU.Build.0 = Release|Any CPU
	EndGlobalSection
	GlobalSection(SolutionProperties) = preSolution
		HideSolutionNode = FALSE
	EndGlobalSection
	GlobalSection(ExtensibilityGlobals) = postSolution
		SolutionGuid = {ECA51617-27C3-48D7-836B-B3CBAFBAE239}
	EndGlobalSection
EndGlobal
